
Microsoft Visual Studio Solution File, Format Version 12.00
# Visual Studio 15
VisualStudioVersion = 15.0.28307.489
MinimumVisualStudioVersion = 10.0.40219.1
Project("{FAE04EC0-301F-11D3-BF4B-00C04F79EFBC}") = "ovning31inkapsling", "ovning31inkapsling\ovning31inkapsling.csproj", "{D0A0AD6F-1112-491A-8E5C-BC81727142BE}"
EndProject
Project("{FAE04EC0-301F-11D3-BF4B-00C04F79EFBC}") = "ovning34Arv", "ovning32Arv\ovning34Arv.csproj", "{7F3589BA-7ABA-41B9-83A5-199CB15609F6}"
EndProject
Global
	GlobalSection(SolutionConfigurationPlatforms) = preSolution
		Debug|Any CPU = Debug|Any CPU
		Release|Any CPU = Release|Any CPU
	EndGlobalSection
	GlobalSection(ProjectConfigurationPlatforms) = postSolution
		{D0A0AD6F-1112-491A-8E5C-BC81727142BE}.Debug|Any CPU.ActiveCfg = Debug|Any CPU
		{D0A0AD6F-1112-491A-8E5C-BC81727142BE}.Debug|Any CPU.Build.0 = Debug|Any CPU
		{D0A0AD6F-1112-491A-8E5C-BC81727142BE}.Release|Any CPU.ActiveCfg = Release|Any CPU
		{D0A0AD6F-1112-491A-8E5C-BC81727142BE}.Release|Any CPU.Build.0 = Release|Any CPU
		{7F3589BA-7ABA-41B9-83A5-199CB15609F6}.Debug|Any CPU.ActiveCfg = Debug|Any CPU
		{7F3589BA-7ABA-41B9-83A5-199CB15609F6}.Debug|Any CPU.Build.0 = Debug|Any CPU
		{7F3589BA-7ABA-41B9-83A5-199CB15609F6}.Release|Any CPU.ActiveCfg = Release|Any CPU
		{7F3589BA-7ABA-41B9-83A5-199CB15609F6}.Release|Any CPU.Build.0 = Release|Any CPU
	EndGlobalSection
	GlobalSection(SolutionProperties) = preSolution
		HideSolutionNode = FALSE
	EndGlobalSection
	GlobalSection(ExtensibilityGlobals) = postSolution
		SolutionGuid = {D40AFE5E-FE46-4730-B5A5-27C3445DD74F}
	EndGlobalSection
EndGlobal
